
Microsoft Visual Studio Solution File, Format Version 12.00
# Visual Studio Version 16
VisualStudioVersion = 16.0.29123.88
MinimumVisualStudioVersion = 10.0.40219.1
Project("{FAE04EC0-301F-11D3-BF4B-00C04F79EFBC}") = "Box3DHub", "Box3DHub\Box3DHub.csproj", "{C029E3AE-BAE3-4DA6-B3B0-8D9CBE649EC1}"
EndProject
Global
	GlobalSection(SolutionConfigurationPlatforms) = preSolution
		Debug|Any CPU = Debug|Any CPU
		Release|Any CPU = Release|Any CPU
	EndGlobalSection
	GlobalSection(ProjectConfigurationPlatforms) = postSolution
		{C029E3AE-BAE3-4DA6-B3B0-8D9CBE649EC1}.Debug|Any CPU.ActiveCfg = Debug|Any CPU
		{C029E3AE-BAE3-4DA6-B3B0-8D9CBE649EC1}.Debug|Any CPU.Build.0 = Debug|Any CPU
		{C029E3AE-BAE3-4DA6-B3B0-8D9CBE649EC1}.Release|Any CPU.ActiveCfg = Release|Any CPU
		{C029E3AE-BAE3-4DA6-B3B0-8D9CBE649EC1}.Release|Any CPU.Build.0 = Release|Any CPU
	EndGlobalSection
	GlobalSection(SolutionProperties) = preSolution
		HideSolutionNode = FALSE
	EndGlobalSection
	GlobalSection(ExtensibilityGlobals) = postSolution
		SolutionGuid = {34C143EA-C149-4959-85ED-8B1B6DD7C232}
	EndGlobalSection
EndGlobal
